
Microsoft Visual Studio Solution File, Format Version 12.00
# Visual Studio Version 17
VisualStudioVersion = 17.3.32804.467
MinimumVisualStudioVersion = 10.0.40219.1
Project("{FAE04EC0-301F-11D3-BF4B-00C04F79EFBC}") = "Presentacion", "Sistema\Presentacion.csproj", "{91A90DAA-4B65-4869-9D28-5857CE7023AF}"
EndProject
Project("{FAE04EC0-301F-11D3-BF4B-00C04F79EFBC}") = "Dominio", "Dominio\Dominio.csproj", "{6236AC90-9466-4956-A8C6-0F2CA572FF7C}"
EndProject
Project("{FAE04EC0-301F-11D3-BF4B-00C04F79EFBC}") = "AccesoDatos", "AccesoDatos\AccesoDatos.csproj", "{E7B9ACBE-F54E-462E-BF8C-B475C7E70AC1}"
EndProject
Project("{FAE04EC0-301F-11D3-BF4B-00C04F79EFBC}") = "Common", "Common\Common.csproj", "{21C81222-2826-4B3B-B790-7C082BD56A6A}"
EndProject
Global
	GlobalSection(SolutionConfigurationPlatforms) = preSolution
		Debug|Any CPU = Debug|Any CPU
		Release|Any CPU = Release|Any CPU
	EndGlobalSection
	GlobalSection(ProjectConfigurationPlatforms) = postSolution
		{91A90DAA-4B65-4869-9D28-5857CE7023AF}.Debug|Any CPU.ActiveCfg = Debug|Any CPU
		{91A90DAA-4B65-4869-9D28-5857CE7023AF}.Debug|Any CPU.Build.0 = Debug|Any CPU
		{91A90DAA-4B65-4869-9D28-5857CE7023AF}.Release|Any CPU.ActiveCfg = Release|Any CPU
		{91A90DAA-4B65-4869-9D28-5857CE7023AF}.Release|Any CPU.Build.0 = Release|Any CPU
		{6236AC90-9466-4956-A8C6-0F2CA572FF7C}.Debug|Any CPU.ActiveCfg = Debug|Any CPU
		{6236AC90-9466-4956-A8C6-0F2CA572FF7C}.Debug|Any CPU.Build.0 = Debug|Any CPU
		{6236AC90-9466-4956-A8C6-0F2CA572FF7C}.Release|Any CPU.ActiveCfg = Release|Any CPU
		{6236AC90-9466-4956-A8C6-0F2CA572FF7C}.Release|Any CPU.Build.0 = Release|Any CPU
		{E7B9ACBE-F54E-462E-BF8C-B475C7E70AC1}.Debug|Any CPU.ActiveCfg = Debug|Any CPU
		{E7B9ACBE-F54E-462E-BF8C-B475C7E70AC1}.Debug|Any CPU.Build.0 = Debug|Any CPU
		{E7B9ACBE-F54E-462E-BF8C-B475C7E70AC1}.Release|Any CPU.ActiveCfg = Release|Any CPU
		{E7B9ACBE-F54E-462E-BF8C-B475C7E70AC1}.Release|Any CPU.Build.0 = Release|Any CPU
		{21C81222-2826-4B3B-B790-7C082BD56A6A}.Debug|Any CPU.ActiveCfg = Debug|Any CPU
		{21C81222-2826-4B3B-B790-7C082BD56A6A}.Debug|Any CPU.Build.0 = Debug|Any CPU
		{21C81222-2826-4B3B-B790-7C082BD56A6A}.Release|Any CPU.ActiveCfg = Release|Any CPU
		{21C81222-2826-4B3B-B790-7C082BD56A6A}.Release|Any CPU.Build.0 = Release|Any CPU
	EndGlobalSection
	GlobalSection(SolutionProperties) = preSolution
		HideSolutionNode = FALSE
	EndGlobalSection
	GlobalSection(ExtensibilityGlobals) = postSolution
		SolutionGuid = {CDAA9E5C-C74C-4B3C-BF53-DCF338A75F4F}
	EndGlobalSection
EndGlobal
